
Microsoft Visual Studio Solution File, Format Version 12.00
# Visual Studio Version 17
VisualStudioVersion = 17.9.34622.214
MinimumVisualStudioVersion = 10.0.40219.1
Project("{8BC9CEB8-8B4A-11D0-8D11-00A0C91BC942}") = "Actividad_3", "Actividad_3\Actividad_3.vcxproj", "{6A2F4C3C-783C-437A-AA08-BBF68C6BF529}"
EndProject
Project("{8BC9CEB8-8B4A-11D0-8D11-00A0C91BC942}") = "Actividad_3_2", "Actividad_3_2\Actividad_3_2.vcxproj", "{9E38CC30-4A2F-48E5-961F-89A1573D3427}"
EndProject
Project("{8BC9CEB8-8B4A-11D0-8D11-00A0C91BC942}") = "Actividad_3_3", "Actividad_3_3\Actividad_3_3.vcxproj", "{715B78FF-396B-4676-A5C5-6647A0279E03}"
EndProject
Global
	GlobalSection(SolutionConfigurationPlatforms) = preSolution
		Debug|x64 = Debug|x64
		Debug|x86 = Debug|x86
		Release|x64 = Release|x64
		Release|x86 = Release|x86
	EndGlobalSection
	GlobalSection(ProjectConfigurationPlatforms) = postSolution
		{6A2F4C3C-783C-437A-AA08-BBF68C6BF529}.Debug|x64.ActiveCfg = Debug|x64
		{6A2F4C3C-783C-437A-AA08-BBF68C6BF529}.Debug|x64.Build.0 = Debug|x64
		{6A2F4C3C-783C-437A-AA08-BBF68C6BF529}.Debug|x86.ActiveCfg = Debug|Win32
		{6A2F4C3C-783C-437A-AA08-BBF68C6BF529}.Debug|x86.Build.0 = Debug|Win32
		{6A2F4C3C-783C-437A-AA08-BBF68C6BF529}.Release|x64.ActiveCfg = Release|x64
		{6A2F4C3C-783C-437A-AA08-BBF68C6BF529}.Release|x64.Build.0 = Release|x64
		{6A2F4C3C-783C-437A-AA08-BBF68C6BF529}.Release|x86.ActiveCfg = Release|Win32
		{6A2F4C3C-783C-437A-AA08-BBF68C6BF529}.Release|x86.Build.0 = Release|Win32
		{9E38CC30-4A2F-48E5-961F-89A1573D3427}.Debug|x64.ActiveCfg = Debug|x64
		{9E38CC30-4A2F-48E5-961F-89A1573D3427}.Debug|x64.Build.0 = Debug|x64
		{9E38CC30-4A2F-48E5-961F-89A1573D3427}.Debug|x86.ActiveCfg = Debug|Win32
		{9E38CC30-4A2F-48E5-961F-89A1573D3427}.Debug|x86.Build.0 = Debug|Win32
		{9E38CC30-4A2F-48E5-961F-89A1573D3427}.Release|x64.ActiveCfg = Release|x64
		{9E38CC30-4A2F-48E5-961F-89A1573D3427}.Release|x64.Build.0 = Release|x64
		{9E38CC30-4A2F-48E5-961F-89A1573D3427}.Release|x86.ActiveCfg = Release|Win32
		{9E38CC30-4A2F-48E5-961F-89A1573D3427}.Release|x86.Build.0 = Release|Win32
		{715B78FF-396B-4676-A5C5-6647A0279E03}.Debug|x64.ActiveCfg = Debug|x64
		{715B78FF-396B-4676-A5C5-6647A0279E03}.Debug|x64.Build.0 = Debug|x64
		{715B78FF-396B-4676-A5C5-6647A0279E03}.Debug|x86.ActiveCfg = Debug|Win32
		{715B78FF-396B-4676-A5C5-6647A0279E03}.Debug|x86.Build.0 = Debug|Win32
		{715B78FF-396B-4676-A5C5-6647A0279E03}.Release|x64.ActiveCfg = Release|x64
		{715B78FF-396B-4676-A5C5-6647A0279E03}.Release|x64.Build.0 = Release|x64
		{715B78FF-396B-4676-A5C5-6647A0279E03}.Release|x86.ActiveCfg = Release|Win32
		{715B78FF-396B-4676-A5C5-6647A0279E03}.Release|x86.Build.0 = Release|Win32
	EndGlobalSection
	GlobalSection(SolutionProperties) = preSolution
		HideSolutionNode = FALSE
	EndGlobalSection
	GlobalSection(ExtensibilityGlobals) = postSolution
		SolutionGuid = {136E325F-8E25-43D1-8FE8-7185BF63A572}
	EndGlobalSection
EndGlobal
